// !$*UTF8*$!
{
	archiveVersion = 1;
	classes = {
	};
	objectVersion = 46;
	objects = {

/* Begin PBXBuildFile section */
		234401441BEACC4300EB2A7E /* AppDelegate.swift in Sources */ = {isa = PBXBuildFile; fileRef = 234401431BEACC4300EB2A7E /* AppDelegate.swift */; };
		234401461BEACC4300EB2A7E /* ViewController.swift in Sources */ = {isa = PBXBuildFile; fileRef = 234401451BEACC4300EB2A7E /* ViewController.swift */; };
		234401491BEACC4300EB2A7E /* Main.storyboard in Resources */ = {isa = PBXBuildFile; fileRef = 234401471BEACC4300EB2A7E /* Main.storyboard */; };
		2344014B1BEACC4300EB2A7E /* Assets.xcassets in Resources */ = {isa = PBXBuildFile; fileRef = 2344014A1BEACC4300EB2A7E /* Assets.xcassets */; };
		2344014E1BEACC4300EB2A7E /* LaunchScreen.storyboard in Resources */ = {isa = PBXBuildFile; fileRef = 2344014C1BEACC4300EB2A7E /* LaunchScreen.storyboard */; };
		234401561BEACE0A00EB2A7E /* Character.swift in Sources */ = {isa = PBXBuildFile; fileRef = 234401551BEACE0A00EB2A7E /* Character.swift */; };
		234401581BEAD02900EB2A7E /* Player.swift in Sources */ = {isa = PBXBuildFile; fileRef = 234401571BEAD02900EB2A7E /* Player.swift */; };
		2344015A1BEAD4F000EB2A7E /* Enemy.swift in Sources */ = {isa = PBXBuildFile; fileRef = 234401591BEAD4F000EB2A7E /* Enemy.swift */; };
		2344015C1BEAD63200EB2A7E /* Kimara.swift in Sources */ = {isa = PBXBuildFile; fileRef = 2344015B1BEAD63200EB2A7E /* Kimara.swift */; };
		2344015E1BEAD7BF00EB2A7E /* AlienWizard.swift in Sources */ = {isa = PBXBuildFile; fileRef = 2344015D1BEAD7BF00EB2A7E /* AlienWizard.swift */; };
/* End PBXBuildFile section */

/* Begin PBXFileReference section */
		234401401BEACC4300EB2A7E /* rpg_oop.app */ = {isa = PBXFileReference; explicitFileType = wrapper.application; includeInIndex = 0; path = rpg_oop.app; sourceTree = BUILT_PRODUCTS_DIR; };
		234401431BEACC4300EB2A7E /* AppDelegate.swift */ = {isa = PBXFileReference; lastKnownFileType = sourcecode.swift; path = AppDelegate.swift; sourceTree = "<group>"; };
		234401451BEACC4300EB2A7E /* ViewController.swift */ = {isa = PBXFileReference; lastKnownFileType = sourcecode.swift; path = ViewController.swift; sourceTree = "<group>"; };
		234401481BEACC4300EB2A7E /* Base */ = {isa = PBXFileReference; lastKnownFileType = file.storyboard; name = Base; path = Base.lproj/Main.storyboard; sourceTree = "<group>"; };
		2344014A1BEACC4300EB2A7E /* Assets.xcassets */ = {isa = PBXFileReference; lastKnownFileType = folder.assetcatalog; path = Assets.xcassets; sourceTree = "<group>"; };
		2344014D1BEACC4300EB2A7E /* Base */ = {isa = PBXFileReference; lastKnownFileType = file.storyboard; name = Base; path = Base.lproj/LaunchScreen.storyboard; sourceTree = "<group>"; };
		2344014F1BEACC4300EB2A7E /* Info.plist */ = {isa = PBXFileReference; lastKnownFileType = text.plist.xml; path = Info.plist; sourceTree = "<group>"; };
		234401551BEACE0A00EB2A7E /* Character.swift */ = {isa = PBXFileReference; fileEncoding = 4; lastKnownFileType = sourcecode.swift; path = Character.swift; sourceTree = "<group>"; };
		234401571BEAD02900EB2A7E /* Player.swift */ = {isa = PBXFileReference; fileEncoding = 4; lastKnownFileType = sourcecode.swift; path = Player.swift; sourceTree = "<group>"; };
		234401591BEAD4F000EB2A7E /* Enemy.swift */ = {isa = PBXFileReference; fileEncoding = 4; lastKnownFileType = sourcecode.swift; path = Enemy.swift; sourceTree = "<group>"; };
		2344015B1BEAD63200EB2A7E /* Kimara.swift */ = {isa = PBXFileReference; fileEncoding = 4; lastKnownFileType = sourcecode.swift; path = Kimara.swift; sourceTree = "<group>"; };
		2344015D1BEAD7BF00EB2A7E /* AlienWizard.swift */ = {isa = PBXFileReference; fileEncoding = 4; lastKnownFileType = sourcecode.swift; path = AlienWizard.swift; sourceTree = "<group>"; };
/* End PBXFileReference section */

/* Begin PBXFrameworksBuildPhase section */
		2344013D1BEACC4300EB2A7E /* Frameworks */ = {
			isa = PBXFrameworksBuildPhase;
			buildActionMask = 2147483647;
			files = (
			);
			runOnlyForDeploymentPostprocessing = 0;
		};
/* End PBXFrameworksBuildPhase section */

/* Begin PBXGroup section */
		234401371BEACC4200EB2A7E = {
			isa = PBXGroup;
			children = (
				234401421BEACC4300EB2A7E /* rpg_oop */,
				234401411BEACC4300EB2A7E /* Products */,
			);
			sourceTree = "<group>";
		};
		234401411BEACC4300EB2A7E /* Products */ = {
			isa = PBXGroup;
			children = (
				234401401BEACC4300EB2A7E /* rpg_oop.app */,
			);
			name = Products;
			sourceTree = "<group>";
		};
		234401421BEACC4300EB2A7E /* rpg_oop */ = {
			isa = PBXGroup;
			children = (
				234401431BEACC4300EB2A7E /* AppDelegate.swift */,
				234401451BEACC4300EB2A7E /* ViewController.swift */,
				234401471BEACC4300EB2A7E /* Main.storyboard */,
				2344014A1BEACC4300EB2A7E /* Assets.xcassets */,
				2344014C1BEACC4300EB2A7E /* LaunchScreen.storyboard */,
				2344014F1BEACC4300EB2A7E /* Info.plist */,
				234401551BEACE0A00EB2A7E /* Character.swift */,
				234401571BEAD02900EB2A7E /* Player.swift */,
				234401591BEAD4F000EB2A7E /* Enemy.swift */,
				2344015B1BEAD63200EB2A7E /* Kimara.swift */,
				2344015D1BEAD7BF00EB2A7E /* AlienWizard.swift */,
			);
			path = rpg_oop;
			sourceTree = "<group>";
		};
/* End PBXGroup section */

/* Begin PBXNativeTarget section */
		2344013F1BEACC4300EB2A7E /* rpg_oop */ = {
			isa = PBXNativeTarget;
			buildConfigurationList = 234401521BEACC4300EB2A7E /* Build configuration list for PBXNativeTarget "rpg_oop" */;
			buildPhases = (
				2344013C1BEACC4300EB2A7E /* Sources */,
				2344013D1BEACC4300EB2A7E /* Frameworks */,
				2344013E1BEACC4300EB2A7E /* Resources */,
			);
			buildRules = (
			);
			dependencies = (
			);
			name = rpg_oop;
			productName = rpg_oop;
			productReference = 234401401BEACC4300EB2A7E /* rpg_oop.app */;
			productType = "com.apple.product-type.application";
		};
/* End PBXNativeTarget section */

/* Begin PBXProject section */
		234401381BEACC4200EB2A7E /* Project object */ = {
			isa = PBXProject;
			attributes = {
				LastSwiftUpdateCheck = 0710;
				LastUpgradeCheck = 0710;
				ORGANIZATIONNAME = "Off Da Husk Studios";
				TargetAttributes = {
					2344013F1BEACC4300EB2A7E = {
						CreatedOnToolsVersion = 7.1;
						DevelopmentTeam = 9ZKD7485E9;
					};
				};
			};
			buildConfigurationList = 2344013B1BEACC4200EB2A7E /* Build configuration list for PBXProject "rpg_oop" */;
			compatibilityVersion = "Xcode 3.2";
			developmentRegion = English;
			hasScannedForEncodings = 0;
			knownRegions = (
				en,
				Base,
			);
			mainGroup = 234401371BEACC4200EB2A7E;
			productRefGroup = 234401411BEACC4300EB2A7E /* Products */;
			projectDirPath = "";
			projectRoot = "";
			targets = (
				2344013F1BEACC4300EB2A7E /* rpg_oop */,
			);
		};
/* End PBXProject section */

/* Begin PBXResourcesBuildPhase section */
		2344013E1BEACC4300EB2A7E /* Resources */ = {
			isa = PBXResourcesBuildPhase;
			buildActionMask = 2147483647;
			files = (
				2344014E1BEACC4300EB2A7E /* LaunchScreen.storyboard in Resources */,
				2344014B1BEACC4300EB2A7E /* Assets.xcassets in Resources */,
				234401491BEACC4300EB2A7E /* Main.storyboard in Resources */,
			);
			runOnlyForDeploymentPostprocessing = 0;
		};
/* End PBXResourcesBuildPhase section */

/* Begin PBXSourcesBuildPhase section */
		2344013C1BEACC4300EB2A7E /* Sources */ = {
			isa = PBXSourcesBuildPhase;
			buildActionMask = 2147483647;
			files = (
				234401581BEAD02900EB2A7E /* Player.swift in Sources */,
				2344015A1BEAD4F000EB2A7E /* Enemy.swift in Sources */,
				2344015C1BEAD63200EB2A7E /* Kimara.swift in Sources */,
				234401561BEACE0A00EB2A7E /* Character.swift in Sources */,
				234401461BEACC4300EB2A7E /* ViewController.swift in Sources */,
				234401441BEACC4300EB2A7E /* AppDelegate.swift in Sources */,
				2344015E1BEAD7BF00EB2A7E /* AlienWizard.swift in Sources */,
			);
			runOnlyForDeploymentPostprocessing = 0;
		};
/* End PBXSourcesBuildPhase section */

/* Begin PBXVariantGroup section */
		234401471BEACC4300EB2A7E /* Main.storyboard */ = {
			isa = PBXVariantGroup;
			children = (
				234401481BEACC4300EB2A7E /* Base */,
			);
			name = Main.storyboard;
			sourceTree = "<group>";
		};
		2344014C1BEACC4300EB2A7E /* LaunchScreen.storyboard */ = {
			isa = PBXVariantGroup;
			children = (
				2344014D1BEACC4300EB2A7E /* Base */,
			);
			name = LaunchScreen.storyboard;
			sourceTree = "<group>";
		};
/* End PBXVariantGroup section */

/* Begin XCBuildConfiguration section */
		234401501BEACC4300EB2A7E /* Debug */ = {
			isa = XCBuildConfiguration;
			buildSettings = {
				ALWAYS_SEARCH_USER_PATHS = NO;
				CLANG_CXX_LANGUAGE_STANDARD = "gnu++0x";
				CLANG_CXX_LIBRARY = "libc++";
				CLANG_ENABLE_MODULES = YES;
				CLANG_ENABLE_OBJC_ARC = YES;
				CLANG_WARN_BOOL_CONVERSION = YES;
				CLANG_WARN_CONSTANT_CONVERSION = YES;
				CLANG_WARN_DIRECT_OBJC_ISA_USAGE = YES_ERROR;
				CLANG_WARN_EMPTY_BODY = YES;
				CLANG_WARN_ENUM_CONVERSION = YES;
				CLANG_WARN_INT_CONVERSION = YES;
				CLANG_WARN_OBJC_ROOT_CLASS = YES_ERROR;
				CLANG_WARN_UNREACHABLE_CODE = YES;
				CLANG_WARN__DUPLICATE_METHOD_MATCH = YES;
				"CODE_SIGN_IDENTITY[sdk=iphoneos*]" = "iPhone Developer";
				COPY_PHASE_STRIP = NO;
				DEBUG_INFORMATION_FORMAT = dwarf;
				ENABLE_STRICT_OBJC_MSGSEND = YES;
				ENABLE_TESTABILITY = YES;
				GCC_C_LANGUAGE_STANDARD = gnu99;
				GCC_DYNAMIC_NO_PIC = NO;
				GCC_NO_COMMON_BLOCKS = YES;
				GCC_OPTIMIZATION_LEVEL = 0;
				GCC_PREPROCESSOR_DEFINITIONS = (
					"DEBUG=1",
					"$(inherited)",
				);
				GCC_WARN_64_TO_32_BIT_CONVERSION = YES;
				GCC_WARN_ABOUT_RETURN_TYPE = YES_ERROR;
				GCC_WARN_UNDECLARED_SELECTOR = YES;
				GCC_WARN_UNINITIALIZED_AUTOS = YES_AGGRESSIVE;
				GCC_WARN_UNUSED_FUNCTION = YES;
				GCC_WARN_UNUSED_VARIABLE = YES;
				IPHONEOS_DEPLOYMENT_TARGET = 9.1;
				MTL_ENABLE_DEBUG_INFO = YES;
				ONLY_ACTIVE_ARCH = YES;
				SDKROOT = iphoneos;
				SWIFT_OPTIMIZATION_LEVEL = "-Onone";
			};
			name = Debug;
		};
		234401511BEACC4300EB2A7E /* Release */ = {
			isa = XCBuildConfiguration;
			buildSettings = {
				ALWAYS_SEARCH_USER_PATHS = NO;
				CLANG_CXX_LANGUAGE_STANDARD = "gnu++0x";
				CLANG_CXX_LIBRARY = "libc++";
				CLANG_ENABLE_MODULES = YES;
				CLANG_ENABLE_OBJC_ARC = YES;
				CLANG_WARN_BOOL_CONVERSION = YES;
				CLANG_WARN_CONSTANT_CONVERSION = YES;
				CLANG_WARN_DIRECT_OBJC_ISA_USAGE = YES_ERROR;
				CLANG_WARN_EMPTY_BODY = YES;
				CLANG_WARN_ENUM_CONVERSION = YES;
				CLANG_WARN_INT_CONVERSION = YES;
				CLANG_WARN_OBJC_ROOT_CLASS = YES_ERROR;
				CLANG_WARN_UNREACHABLE_CODE = YES;
				CLANG_WARN__DUPLICATE_METHOD_MATCH = YES;
				"CODE_SIGN_IDENTITY[sdk=iphoneos*]" = "iPhone Developer";
				COPY_PHASE_STRIP = NO;
				DEBUG_INFORMATION_FORMAT = "dwarf-with-dsym";
				ENABLE_NS_ASSERTIONS = NO;
				ENABLE_STRICT_OBJC_MSGSEND = YES;
				GCC_C_LANGUAGE_STANDARD = gnu99;
				GCC_NO_COMMON_BLOCKS = YES;
				GCC_WARN_64_TO_32_BIT_CONVERSION = YES;
				GCC_WARN_ABOUT_RETURN_TYPE = YES_ERROR;
				GCC_WARN_UNDECLARED_SELECTOR = YES;
				GCC_WARN_UNINITIALIZED_AUTOS = YES_AGGRESSIVE;
				GCC_WARN_UNUSED_FUNCTION = YES;
				GCC_WARN_UNUSED_VARIABLE = YES;
				IPHONEOS_DEPLOYMENT_TARGET = 9.1;
				MTL_ENABLE_DEBUG_INFO = NO;
				SDKROOT = iphoneos;
				VALIDATE_PRODUCT = YES;
			};
			name = Release;
		};
		234401531BEACC4300EB2A7E /* Debug */ = {
			isa = XCBuildConfiguration;
			buildSettings = {
				ASSETCATALOG_COMPILER_APPICON_NAME = AppIcon;
				INFOPLIST_FILE = rpg_oop/Info.plist;
				LD_RUNPATH_SEARCH_PATHS = "$(inherited) @executable_path/Frameworks";
				PRODUCT_BUNDLE_IDENTIFIER = "com.Nathan.McGuire.rpg-oop";
				PRODUCT_NAME = "$(TARGET_NAME)";
			};
			name = Debug;
		};
		234401541BEACC4300EB2A7E /* Release */ = {
			isa = XCBuildConfiguration;
			buildSettings = {
				ASSETCATALOG_COMPILER_APPICON_NAME = AppIcon;
				INFOPLIST_FILE = rpg_oop/Info.plist;
				LD_RUNPATH_SEARCH_PATHS = "$(inherited) @executable_path/Frameworks";
				PRODUCT_BUNDLE_IDENTIFIER = "com.Nathan.McGuire.rpg-oop";
				PRODUCT_NAME = "$(TARGET_NAME)";
			};
			name = Release;
		};
/* End XCBuildConfiguration section */

/* Begin XCConfigurationList section */
		2344013B1BEACC4200EB2A7E /* Build configuration list for PBXProject "rpg_oop" */ = {
			isa = XCConfigurationList;
			buildConfigurations = (
				234401501BEACC4300EB2A7E /* Debug */,
				234401511BEACC4300EB2A7E /* Release */,
			);
			defaultConfigurationIsVisible = 0;
			defaultConfigurationName = Release;
		};
		234401521BEACC4300EB2A7E /* Build configuration list for PBXNativeTarget "rpg_oop" */ = {
			isa = XCConfigurationList;
			buildConfigurations = (
				234401531BEACC4300EB2A7E /* Debug */,
				234401541BEACC4300EB2A7E /* Release */,
			);
			defaultConfigurationIsVisible = 0;
		};
/* End XCConfigurationList section */
	};
	rootObject = 234401381BEACC4200EB2A7E /* Project object */;
}
